
Microsoft Visual Studio Solution File, Format Version 12.00
# Visual Studio Version 17
VisualStudioVersion = 17.9.34616.47
MinimumVisualStudioVersion = 10.0.40219.1
Project("{9A19103F-16F7-4668-BE54-9A1E7A4F7556}") = "Shield-Tech", "Shield-Tech\Shield-Tech.csproj", "{7C6BF8AA-210D-4612-B2ED-6E939020EDE1}"
EndProject
Global
	GlobalSection(SolutionConfigurationPlatforms) = preSolution
		Debug|Any CPU = Debug|Any CPU
		Release|Any CPU = Release|Any CPU
	EndGlobalSection
	GlobalSection(ProjectConfigurationPlatforms) = postSolution
		{7C6BF8AA-210D-4612-B2ED-6E939020EDE1}.Debug|Any CPU.ActiveCfg = Debug|Any CPU
		{7C6BF8AA-210D-4612-B2ED-6E939020EDE1}.Debug|Any CPU.Build.0 = Debug|Any CPU
		{7C6BF8AA-210D-4612-B2ED-6E939020EDE1}.Release|Any CPU.ActiveCfg = Release|Any CPU
		{7C6BF8AA-210D-4612-B2ED-6E939020EDE1}.Release|Any CPU.Build.0 = Release|Any CPU
	EndGlobalSection
	GlobalSection(SolutionProperties) = preSolution
		HideSolutionNode = FALSE
	EndGlobalSection
	GlobalSection(ExtensibilityGlobals) = postSolution
		SolutionGuid = {951AE564-AB89-45BF-BB91-B446B744FFB5}
	EndGlobalSection
EndGlobal
